Microsoft Visual Studio Solution File, Format Version 12.00
# Visual Studio Version 17
VisualStudioVersion = 17.5.2.0
MinimumVisualStudioVersion = 10.0.40219.1
Project("{FAE04EC0-301F-11D3-BF4B-00C04F79EFBC}") = "BlazingPizzaSite", "BlazingPizzaSite.csproj", "{77B60814-34ED-78D2-10BE-03D76777EAF8}"
EndProject
Global
	GlobalSection(SolutionConfigurationPlatforms) = preSolution
		Debug|Any CPU = Debug|Any CPU
		Release|Any CPU = Release|Any CPU
	EndGlobalSection
	GlobalSection(ProjectConfigurationPlatforms) = postSolution
		{77B60814-34ED-78D2-10BE-03D76777EAF8}.Debug|Any CPU.ActiveCfg = Debug|Any CPU
		{77B60814-34ED-78D2-10BE-03D76777EAF8}.Debug|Any CPU.Build.0 = Debug|Any CPU
		{77B60814-34ED-78D2-10BE-03D76777EAF8}.Release|Any CPU.ActiveCfg = Release|Any CPU
		{77B60814-34ED-78D2-10BE-03D76777EAF8}.Release|Any CPU.Build.0 = Release|Any CPU
	EndGlobalSection
	GlobalSection(SolutionProperties) = preSolution
		HideSolutionNode = FALSE
	EndGlobalSection
	GlobalSection(ExtensibilityGlobals) = postSolution
		SolutionGuid = {35366B79-2658-4C92-A8BF-B22C9398F8F8}
	EndGlobalSection
EndGlobal
